// !$*UTF8*$!
{
	archiveVersion = 1;
	classes = {
	};
	objectVersion = 46;
	objects = {

/* Begin PBXBuildFile section */
		E1ACA816173B2A0E00A198C2 /* selectbox_no_728.png in Resources */ = {isa = PBXBuildFile; fileRef = E1ACA812173B2A0E00A198C2 /* selectbox_no_728.png */; };
		E1ACA817173B2A0E00A198C2 /* selectbox_yea_728.png in Resources */ = {isa = PBXBuildFile; fileRef = E1ACA813173B2A0E00A198C2 /* selectbox_yea_728.png */; };
		E1ACA818173B2A0E00A198C2 /* SLCheckBox.m in Sources */ = {isa = PBXBuildFile; fileRef = E1ACA815173B2A0E00A198C2 /* SLCheckBox.m */; };
		E1ACA820173B2D5100A198C2 /* blueArrow.png in Resources */ = {isa = PBXBuildFile; fileRef = E1ACA81A173B2D5100A198C2 /* blueArrow.png */; };
		E1ACA821173B2D5100A198C2 /* blueArrow@2x.png in Resources */ = {isa = PBXBuildFile; fileRef = E1ACA81B173B2D5100A198C2 /* blueArrow@2x.png */; };
		E1ACA822173B2D5100A198C2 /* blueArrowDown.png in Resources */ = {isa = PBXBuildFile; fileRef = E1ACA81C173B2D5100A198C2 /* blueArrowDown.png */; };
		E1ACA823173B2D5100A198C2 /* blueArrowDown@2x.png in Resources */ = {isa = PBXBuildFile; fileRef = E1ACA81D173B2D5100A198C2 /* blueArrowDown@2x.png */; };
		E1ACA824173B2D5100A198C2 /* PullingRefreshTableView.m in Sources */ = {isa = PBXBuildFile; fileRef = E1ACA81F173B2D5100A198C2 /* PullingRefreshTableView.m */; };
		E1ACA827173B2D9500A198C2 /* myScrollView.m in Sources */ = {isa = PBXBuildFile; fileRef = E1ACA826173B2D9500A198C2 /* myScrollView.m */; };
		E1ACA829173B2FC400A198C2 /* QuartzCore.framework in Frameworks */ = {isa = PBXBuildFile; fileRef = E1ACA828173B2FC400A198C2 /* QuartzCore.framework */; };
		E1ACA82C173B7EBD00A198C2 /* itemTableViewCell.m in Sources */ = {isa = PBXBuildFile; fileRef = E1ACA82B173B7EBD00A198C2 /* itemTableViewCell.m */; };
		E1ACA830173B872B00A198C2 /* RootViewController.m in Sources */ = {isa = PBXBuildFile; fileRef = E1ACA82E173B872A00A198C2 /* RootViewController.m */; };
		E1ACA831173B872B00A198C2 /* RootViewController.xib in Resources */ = {isa = PBXBuildFile; fileRef = E1ACA82F173B872B00A198C2 /* RootViewController.xib */; };
		E1ACA834173B8E2700A198C2 /* util.m in Sources */ = {isa = PBXBuildFile; fileRef = E1ACA833173B8E2700A198C2 /* util.m */; };
		E1DB9D96173A0DFB003124F5 /* UIKit.framework in Frameworks */ = {isa = PBXBuildFile; fileRef = E1DB9D95173A0DFB003124F5 /* UIKit.framework */; };
		E1DB9D98173A0DFB003124F5 /* Foundation.framework in Frameworks */ = {isa = PBXBuildFile; fileRef = E1DB9D97173A0DFB003124F5 /* Foundation.framework */; };
		E1DB9D9A173A0DFB003124F5 /* CoreGraphics.framework in Frameworks */ = {isa = PBXBuildFile; fileRef = E1DB9D99173A0DFB003124F5 /* CoreGraphics.framework */; };
		E1DB9DA0173A0DFB003124F5 /* InfoPlist.strings in Resources */ = {isa = PBXBuildFile; fileRef = E1DB9D9E173A0DFB003124F5 /* InfoPlist.strings */; };
		E1DB9DA2173A0DFB003124F5 /* main.m in Sources */ = {isa = PBXBuildFile; fileRef = E1DB9DA1173A0DFB003124F5 /* main.m */; };
		E1DB9DA6173A0DFB003124F5 /* SLookAppDelegate.m in Sources */ = {isa = PBXBuildFile; fileRef = E1DB9DA5173A0DFB003124F5 /* SLookAppDelegate.m */; };
		E1DB9DA8173A0DFB003124F5 /* Default.png in Resources */ = {isa = PBXBuildFile; fileRef = E1DB9DA7173A0DFB003124F5 /* Default.png */; };
		E1DB9DAA173A0DFB003124F5 /* Default@2x.png in Resources */ = {isa = PBXBuildFile; fileRef = E1DB9DA9173A0DFB003124F5 /* Default@2x.png */; };
		E1DB9DAC173A0DFB003124F5 /* Default-568h@2x.png in Resources */ = {isa = PBXBuildFile; fileRef = E1DB9DAB173A0DFB003124F5 /* Default-568h@2x.png */; };
		E1DB9DB5173A0E3A003124F5 /* loginVC.m in Sources */ = {isa = PBXBuildFile; fileRef = E1DB9DB3173A0E3A003124F5 /* loginVC.m */; };
		E1DB9DB6173A0E3A003124F5 /* loginVC.xib in Resources */ = {isa = PBXBuildFile; fileRef = E1DB9DB4173A0E3A003124F5 /* loginVC.xib */; };
		E1DB9DB8173A1087003124F5 /* 200771012168570.jpg in Resources */ = {isa = PBXBuildFile; fileRef = E1DB9DB7173A1087003124F5 /* 200771012168570.jpg */; };
		E1DB9DBB173A1197003124F5 /* httpLinker.m in Sources */ = {isa = PBXBuildFile; fileRef = E1DB9DBA173A1197003124F5 /* httpLinker.m */; };
		E1DB9DBD173A128F003124F5 /* CFNetwork.framework in Frameworks */ = {isa = PBXBuildFile; fileRef = E1DB9DBC173A128F003124F5 /* CFNetwork.framework */; };
		E1DB9DCC173A12EF003124F5 /* NSObject+SBJSON.m in Sources */ = {isa = PBXBuildFile; fileRef = E1DB9DC1173A12EF003124F5 /* NSObject+SBJSON.m */; };
		E1DB9DCD173A12EF003124F5 /* NSString+SBJSON.m in Sources */ = {isa = PBXBuildFile; fileRef = E1DB9DC3173A12EF003124F5 /* NSString+SBJSON.m */; };
		E1DB9DCE173A12EF003124F5 /* SBJSON.m in Sources */ = {isa = PBXBuildFile; fileRef = E1DB9DC5173A12EF003124F5 /* SBJSON.m */; };
		E1DB9DCF173A12EF003124F5 /* SBJsonBase.m in Sources */ = {isa = PBXBuildFile; fileRef = E1DB9DC7173A12EF003124F5 /* SBJsonBase.m */; };
		E1DB9DD0173A12EF003124F5 /* SBJsonParser.m in Sources */ = {isa = PBXBuildFile; fileRef = E1DB9DC9173A12EF003124F5 /* SBJsonParser.m */; };
		E1DB9DD1173A12EF003124F5 /* SBJsonWriter.m in Sources */ = {isa = PBXBuildFile; fileRef = E1DB9DCB173A12EF003124F5 /* SBJsonWriter.m */; };
		E1DB9DD5173A1B5F003124F5 /* itemVcViewController.m in Sources */ = {isa = PBXBuildFile; fileRef = E1DB9DD3173A1B5F003124F5 /* itemVcViewController.m */; };
		E1DB9DD6173A1B5F003124F5 /* itemVcViewController.xib in Resources */ = {isa = PBXBuildFile; fileRef = E1DB9DD4173A1B5F003124F5 /* itemVcViewController.xib */; };
		E1DB9DDA173A2FDE003124F5 /* addItemVC.m in Sources */ = {isa = PBXBuildFile; fileRef = E1DB9DD8173A2FDE003124F5 /* addItemVC.m */; };
		E1DB9DDB173A2FDE003124F5 /* addItemVC.xib in Resources */ = {isa = PBXBuildFile; fileRef = E1DB9DD9173A2FDE003124F5 /* addItemVC.xib */; };
/* End PBXBuildFile section */

/* Begin PBXFileReference section */
		E1ACA812173B2A0E00A198C2 /* selectbox_no_728.png */ = {isa = PBXFileReference; lastKnownFileType = image.png; path = selectbox_no_728.png; sourceTree = "<group>"; };
		E1ACA813173B2A0E00A198C2 /* selectbox_yea_728.png */ = {isa = PBXFileReference; lastKnownFileType = image.png; path = selectbox_yea_728.png; sourceTree = "<group>"; };
		E1ACA814173B2A0E00A198C2 /* SLCheckBox.h */ = {isa = PBXFileReference; fileEncoding = 4; lastKnownFileType = sourcecode.c.h; path = SLCheckBox.h; sourceTree = "<group>"; };
		E1ACA815173B2A0E00A198C2 /* SLCheckBox.m */ = {isa = PBXFileReference; fileEncoding = 4; lastKnownFileType = sourcecode.c.objc; path = SLCheckBox.m; sourceTree = "<group>"; };
		E1ACA81A173B2D5100A198C2 /* blueArrow.png */ = {isa = PBXFileReference; lastKnownFileType = image.png; path = blueArrow.png; sourceTree = "<group>"; };
		E1ACA81B173B2D5100A198C2 /* blueArrow@2x.png */ = {isa = PBXFileReference; lastKnownFileType = image.png; path = "blueArrow@2x.png"; sourceTree = "<group>"; };
		E1ACA81C173B2D5100A198C2 /* blueArrowDown.png */ = {isa = PBXFileReference; lastKnownFileType = image.png; path = blueArrowDown.png; sourceTree = "<group>"; };
		E1ACA81D173B2D5100A198C2 /* blueArrowDown@2x.png */ = {isa = PBXFileReference; lastKnownFileType = image.png; path = "blueArrowDown@2x.png"; sourceTree = "<group>"; };
		E1ACA81E173B2D5100A198C2 /* PullingRefreshTableView.h */ = {isa = PBXFileReference; fileEncoding = 4; lastKnownFileType = sourcecode.c.h; path = PullingRefreshTableView.h; sourceTree = "<group>"; };
		E1ACA81F173B2D5100A198C2 /* PullingRefreshTableView.m */ = {isa = PBXFileReference; fileEncoding = 4; lastKnownFileType = sourcecode.c.objc; path = PullingRefreshTableView.m; sourceTree = "<group>"; };
		E1ACA825173B2D9500A198C2 /* myScrollView.h */ = {isa = PBXFileReference; fileEncoding = 4; lastKnownFileType = sourcecode.c.h; path = myScrollView.h; sourceTree = "<group>"; };
		E1ACA826173B2D9500A198C2 /* myScrollView.m */ = {isa = PBXFileReference; fileEncoding = 4; lastKnownFileType = sourcecode.c.objc; path = myScrollView.m; sourceTree = "<group>"; };
		E1ACA828173B2FC400A198C2 /* QuartzCore.framework */ = {isa = PBXFileReference; lastKnownFileType = wrapper.framework; name = QuartzCore.framework; path = System/Library/Frameworks/QuartzCore.framework; sourceTree = SDKROOT; };
		E1ACA82A173B7EBC00A198C2 /* itemTableViewCell.h */ = {isa = PBXFileReference; fileEncoding = 4; lastKnownFileType = sourcecode.c.h; path = itemTableViewCell.h; sourceTree = "<group>"; };
		E1ACA82B173B7EBD00A198C2 /* itemTableViewCell.m */ = {isa = PBXFileReference; fileEncoding = 4; lastKnownFileType = sourcecode.c.objc; path = itemTableViewCell.m; sourceTree = "<group>"; };
		E1ACA82D173B872A00A198C2 /* RootViewController.h */ = {isa = PBXFileReference; fileEncoding = 4; lastKnownFileType = sourcecode.c.h; path = RootViewController.h; sourceTree = "<group>"; };
		E1ACA82E173B872A00A198C2 /* RootViewController.m */ = {isa = PBXFileReference; fileEncoding = 4; lastKnownFileType = sourcecode.c.objc; path = RootViewController.m; sourceTree = "<group>"; };
		E1ACA82F173B872B00A198C2 /* RootViewController.xib */ = {isa = PBXFileReference; fileEncoding = 4; lastKnownFileType = file.xib; path = RootViewController.xib; sourceTree = "<group>"; };
		E1ACA832173B8E2600A198C2 /* util.h */ = {isa = PBXFileReference; fileEncoding = 4; lastKnownFileType = sourcecode.c.h; path = util.h; sourceTree = "<group>"; };
		E1ACA833173B8E2700A198C2 /* util.m */ = {isa = PBXFileReference; fileEncoding = 4; lastKnownFileType = sourcecode.c.objc; path = util.m; sourceTree = "<group>"; };
		E1DB9D92173A0DFB003124F5 /* chaodao.app */ = {isa = PBXFileReference; explicitFileType = wrapper.application; includeInIndex = 0; path = chaodao.app; sourceTree = BUILT_PRODUCTS_DIR; };
		E1DB9D95173A0DFB003124F5 /* UIKit.framework */ = {isa = PBXFileReference; lastKnownFileType = wrapper.framework; name = UIKit.framework; path = System/Library/Frameworks/UIKit.framework; sourceTree = SDKROOT; };
		E1DB9D97173A0DFB003124F5 /* Foundation.framework */ = {isa = PBXFileReference; lastKnownFileType = wrapper.framework; name = Foundation.framework; path = System/Library/Frameworks/Foundation.framework; sourceTree = SDKROOT; };
		E1DB9D99173A0DFB003124F5 /* CoreGraphics.framework */ = {isa = PBXFileReference; lastKnownFileType = wrapper.framework; name = CoreGraphics.framework; path = System/Library/Frameworks/CoreGraphics.framework; sourceTree = SDKROOT; };
		E1DB9D9D173A0DFB003124F5 /* chaodao-Info.plist */ = {isa = PBXFileReference; lastKnownFileType = text.plist.xml; path = "chaodao-Info.plist"; sourceTree = "<group>"; };
		E1DB9D9F173A0DFB003124F5 /* en */ = {isa = PBXFileReference; lastKnownFileType = text.plist.strings; name = en; path = en.lproj/InfoPlist.strings; sourceTree = "<group>"; };
		E1DB9DA1173A0DFB003124F5 /* main.m */ = {isa = PBXFileReference; lastKnownFileType = sourcecode.c.objc; path = main.m; sourceTree = "<group>"; };
		E1DB9DA3173A0DFB003124F5 /* chaodao-Prefix.pch */ = {isa = PBXFileReference; lastKnownFileType = sourcecode.c.h; path = "chaodao-Prefix.pch"; sourceTree = "<group>"; };
		E1DB9DA4173A0DFB003124F5 /* SLookAppDelegate.h */ = {isa = PBXFileReference; lastKnownFileType = sourcecode.c.h; path = SLookAppDelegate.h; sourceTree = "<group>"; };
		E1DB9DA5173A0DFB003124F5 /* SLookAppDelegate.m */ = {isa = PBXFileReference; lastKnownFileType = sourcecode.c.objc; path = SLookAppDelegate.m; sourceTree = "<group>"; };
		E1DB9DA7173A0DFB003124F5 /* Default.png */ = {isa = PBXFileReference; lastKnownFileType = image.png; path = Default.png; sourceTree = "<group>"; };
		E1DB9DA9173A0DFB003124F5 /* Default@2x.png */ = {isa = PBXFileReference; lastKnownFileType = image.png; path = "Default@2x.png"; sourceTree = "<group>"; };
		E1DB9DAB173A0DFB003124F5 /* Default-568h@2x.png */ = {isa = PBXFileReference; lastKnownFileType = image.png; path = "Default-568h@2x.png"; sourceTree = "<group>"; };
		E1DB9DB2173A0E3A003124F5 /* loginVC.h */ = {isa = PBXFileReference; fileEncoding = 4; lastKnownFileType = sourcecode.c.h; path = loginVC.h; sourceTree = "<group>"; };
		E1DB9DB3173A0E3A003124F5 /* loginVC.m */ = {isa = PBXFileReference; fileEncoding = 4; lastKnownFileType = sourcecode.c.objc; path = loginVC.m; sourceTree = "<group>"; };
		E1DB9DB4173A0E3A003124F5 /* loginVC.xib */ = {isa = PBXFileReference; fileEncoding = 4; lastKnownFileType = file.xib; path = loginVC.xib; sourceTree = "<group>"; };
		E1DB9DB7173A1087003124F5 /* 200771012168570.jpg */ = {isa = PBXFileReference; lastKnownFileType = image.jpeg; path = 200771012168570.jpg; sourceTree = "<group>"; };
		E1DB9DB9173A1197003124F5 /* httpLinker.h */ = {isa = PBXFileReference; fileEncoding = 4; lastKnownFileType = sourcecode.c.h; path = httpLinker.h; sourceTree = "<group>"; };
		E1DB9DBA173A1197003124F5 /* httpLinker.m */ = {isa = PBXFileReference; fileEncoding = 4; lastKnownFileType = sourcecode.c.objc; path = httpLinker.m; sourceTree = "<group>"; };
		E1DB9DBC173A128F003124F5 /* CFNetwork.framework */ = {isa = PBXFileReference; lastKnownFileType = wrapper.framework; name = CFNetwork.framework; path = System/Library/Frameworks/CFNetwork.framework; sourceTree = SDKROOT; };
		E1DB9DBF173A12EF003124F5 /* JSON.h */ = {isa = PBXFileReference; fileEncoding = 4; lastKnownFileType = sourcecode.c.h; path = JSON.h; sourceTree = "<group>"; };
		E1DB9DC0173A12EF003124F5 /* NSObject+SBJSON.h */ = {isa = PBXFileReference; fileEncoding = 4; lastKnownFileType = sourcecode.c.h; path = "NSObject+SBJSON.h"; sourceTree = "<group>"; };
		E1DB9DC1173A12EF003124F5 /* NSObject+SBJSON.m */ = {isa = PBXFileReference; fileEncoding = 4; lastKnownFileType = sourcecode.c.objc; path = "NSObject+SBJSON.m"; sourceTree = "<group>"; };
		E1DB9DC2173A12EF003124F5 /* NSString+SBJSON.h */ = {isa = PBXFileReference; fileEncoding = 4; lastKnownFileType = sourcecode.c.h; path = "NSString+SBJSON.h"; sourceTree = "<group>"; };
		E1DB9DC3173A12EF003124F5 /* NSString+SBJSON.m */ = {isa = PBXFileReference; fileEncoding = 4; lastKnownFileType = sourcecode.c.objc; path = "NSString+SBJSON.m"; sourceTree = "<group>"; };
		E1DB9DC4173A12EF003124F5 /* SBJSON.h */ = {isa = PBXFileReference; fileEncoding = 4; lastKnownFileType = sourcecode.c.h; path = SBJSON.h; sourceTree = "<group>"; };
		E1DB9DC5173A12EF003124F5 /* SBJSON.m */ = {isa = PBXFileReference; fileEncoding = 4; lastKnownFileType = sourcecode.c.objc; path = SBJSON.m; sourceTree = "<group>"; };
		E1DB9DC6173A12EF003124F5 /* SBJsonBase.h */ = {isa = PBXFileReference; fileEncoding = 4; lastKnownFileType = sourcecode.c.h; path = SBJsonBase.h; sourceTree = "<group>"; };
		E1DB9DC7173A12EF003124F5 /* SBJsonBase.m */ = {isa = PBXFileReference; fileEncoding = 4; lastKnownFileType = sourcecode.c.objc; path = SBJsonBase.m; sourceTree = "<group>"; };
		E1DB9DC8173A12EF003124F5 /* SBJsonParser.h */ = {isa = PBXFileReference; fileEncoding = 4; lastKnownFileType = sourcecode.c.h; path = SBJsonParser.h; sourceTree = "<group>"; };
		E1DB9DC9173A12EF003124F5 /* SBJsonParser.m */ = {isa = PBXFileReference; fileEncoding = 4; lastKnownFileType = sourcecode.c.objc; path = SBJsonParser.m; sourceTree = "<group>"; };
		E1DB9DCA173A12EF003124F5 /* SBJsonWriter.h */ = {isa = PBXFileReference; fileEncoding = 4; lastKnownFileType = sourcecode.c.h; path = SBJsonWriter.h; sourceTree = "<group>"; };
		E1DB9DCB173A12EF003124F5 /* SBJsonWriter.m */ = {isa = PBXFileReference; fileEncoding = 4; lastKnownFileType = sourcecode.c.objc; path = SBJsonWriter.m; sourceTree = "<group>"; };
		E1DB9DD2173A1B5F003124F5 /* itemVcViewController.h */ = {isa = PBXFileReference; fileEncoding = 4; lastKnownFileType = sourcecode.c.h; path = itemVcViewController.h; sourceTree = "<group>"; };
		E1DB9DD3173A1B5F003124F5 /* itemVcViewController.m */ = {isa = PBXFileReference; fileEncoding = 4; lastKnownFileType = sourcecode.c.objc; path = itemVcViewController.m; sourceTree = "<group>"; };
		E1DB9DD4173A1B5F003124F5 /* itemVcViewController.xib */ = {isa = PBXFileReference; fileEncoding = 4; lastKnownFileType = file.xib; path = itemVcViewController.xib; sourceTree = "<group>"; };
		E1DB9DD7173A2FDE003124F5 /* addItemVC.h */ = {isa = PBXFileReference; fileEncoding = 4; lastKnownFileType = sourcecode.c.h; path = addItemVC.h; sourceTree = "<group>"; };
		E1DB9DD8173A2FDE003124F5 /* addItemVC.m */ = {isa = PBXFileReference; fileEncoding = 4; lastKnownFileType = sourcecode.c.objc; path = addItemVC.m; sourceTree = "<group>"; };
		E1DB9DD9173A2FDE003124F5 /* addItemVC.xib */ = {isa = PBXFileReference; fileEncoding = 4; lastKnownFileType = file.xib; path = addItemVC.xib; sourceTree = "<group>"; };
/* End PBXFileReference section */

/* Begin PBXFrameworksBuildPhase section */
		E1DB9D8F173A0DFB003124F5 /* Frameworks */ = {
			isa = PBXFrameworksBuildPhase;
			buildActionMask = 2147483647;
			files = (
				E1ACA829173B2FC400A198C2 /* QuartzCore.framework in Frameworks */,
				E1DB9DBD173A128F003124F5 /* CFNetwork.framework in Frameworks */,
				E1DB9D96173A0DFB003124F5 /* UIKit.framework in Frameworks */,
				E1DB9D98173A0DFB003124F5 /* Foundation.framework in Frameworks */,
				E1DB9D9A173A0DFB003124F5 /* CoreGraphics.framework in Frameworks */,
			);
			runOnlyForDeploymentPostprocessing = 0;
		};
/* End PBXFrameworksBuildPhase section */

/* Begin PBXGroup section */
		E1ACA811173B29FB00A198C2 /* selectButtom */ = {
			isa = PBXGroup;
			children = (
				E1ACA812173B2A0E00A198C2 /* selectbox_no_728.png */,
				E1ACA813173B2A0E00A198C2 /* selectbox_yea_728.png */,
				E1ACA814173B2A0E00A198C2 /* SLCheckBox.h */,
				E1ACA815173B2A0E00A198C2 /* SLCheckBox.m */,
			);
			name = selectButtom;
			path = chaodao;
			sourceTree = "<group>";
		};
		E1ACA819173B2D5100A198C2 /* PullingRefreshTableView */ = {
			isa = PBXGroup;
			children = (
				E1ACA81A173B2D5100A198C2 /* blueArrow.png */,
				E1ACA81B173B2D5100A198C2 /* blueArrow@2x.png */,
				E1ACA81C173B2D5100A198C2 /* blueArrowDown.png */,
				E1ACA81D173B2D5100A198C2 /* blueArrowDown@2x.png */,
				E1ACA81E173B2D5100A198C2 /* PullingRefreshTableView.h */,
				E1ACA81F173B2D5100A198C2 /* PullingRefreshTableView.m */,
				E1ACA825173B2D9500A198C2 /* myScrollView.h */,
				E1ACA826173B2D9500A198C2 /* myScrollView.m */,
			);
			name = PullingRefreshTableView;
			path = chaodao/PullingRefreshTableView;
			sourceTree = "<group>";
		};
		E1ACA835173B8E3400A198C2 /* thirdFrame */ = {
			isa = PBXGroup;
			children = (
				E1ACA819173B2D5100A198C2 /* PullingRefreshTableView */,
				E1ACA811173B29FB00A198C2 /* selectButtom */,
				E1DB9DBE173A12EE003124F5 /* JSON */,
			);
			name = thirdFrame;
			sourceTree = "<group>";
		};
		E1ACA836173B8E5100A198C2 /* class */ = {
			isa = PBXGroup;
			children = (
				E1ACA83B173B8EED00A198C2 /* UTIL */,
				E1ACA83A173B8EAF00A198C2 /* controller */,
				E1ACA839173B8E8A00A198C2 /* login */,
				E1ACA838173B8E7300A198C2 /* daiban  */,
				E1ACA837173B8E6500A198C2 /* rootVC */,
			);
			name = class;
			sourceTree = "<group>";
		};
		E1ACA837173B8E6500A198C2 /* rootVC */ = {
			isa = PBXGroup;
			children = (
				E1ACA82D173B872A00A198C2 /* RootViewController.h */,
				E1ACA82E173B872A00A198C2 /* RootViewController.m */,
				E1ACA82F173B872B00A198C2 /* RootViewController.xib */,
			);
			name = rootVC;
			sourceTree = "<group>";
		};
		E1ACA838173B8E7300A198C2 /* daiban  */ = {
			isa = PBXGroup;
			children = (
				E1DB9DD9173A2FDE003124F5 /* addItemVC.xib */,
				E1DB9DD4173A1B5F003124F5 /* itemVcViewController.xib */,
				E1DB9DD2173A1B5F003124F5 /* itemVcViewController.h */,
				E1DB9DD3173A1B5F003124F5 /* itemVcViewController.m */,
				E1ACA82A173B7EBC00A198C2 /* itemTableViewCell.h */,
				E1ACA82B173B7EBD00A198C2 /* itemTableViewCell.m */,
				E1DB9DD7173A2FDE003124F5 /* addItemVC.h */,
				E1DB9DD8173A2FDE003124F5 /* addItemVC.m */,
			);
			name = "daiban ";
			sourceTree = "<group>";
		};
		E1ACA839173B8E8A00A198C2 /* login */ = {
			isa = PBXGroup;
			children = (
				E1DB9DB2173A0E3A003124F5 /* loginVC.h */,
				E1DB9DB3173A0E3A003124F5 /* loginVC.m */,
				E1DB9DB4173A0E3A003124F5 /* loginVC.xib */,
			);
			name = login;
			sourceTree = "<group>";
		};
		E1ACA83A173B8EAF00A198C2 /* controller */ = {
			isa = PBXGroup;
			children = (
				E1DB9DB9173A1197003124F5 /* httpLinker.h */,
				E1DB9DBA173A1197003124F5 /* httpLinker.m */,
			);
			name = controller;
			sourceTree = "<group>";
		};
		E1ACA83B173B8EED00A198C2 /* UTIL */ = {
			isa = PBXGroup;
			children = (
				E1ACA832173B8E2600A198C2 /* util.h */,
				E1ACA833173B8E2700A198C2 /* util.m */,
			);
			name = UTIL;
			sourceTree = "<group>";
		};
		E1DB9D89173A0DFB003124F5 = {
			isa = PBXGroup;
			children = (
				E1DB9D9B173A0DFB003124F5 /* chaodao */,
				E1DB9D94173A0DFB003124F5 /* Frameworks */,
				E1DB9D93173A0DFB003124F5 /* Products */,
			);
			sourceTree = "<group>";
		};
		E1DB9D93173A0DFB003124F5 /* Products */ = {
			isa = PBXGroup;
			children = (
				E1DB9D92173A0DFB003124F5 /* chaodao.app */,
			);
			name = Products;
			sourceTree = "<group>";
		};
		E1DB9D94173A0DFB003124F5 /* Frameworks */ = {
			isa = PBXGroup;
			children = (
				E1ACA835173B8E3400A198C2 /* thirdFrame */,
				E1ACA828173B2FC400A198C2 /* QuartzCore.framework */,
				E1DB9DBC173A128F003124F5 /* CFNetwork.framework */,
				E1DB9D95173A0DFB003124F5 /* UIKit.framework */,
				E1DB9D97173A0DFB003124F5 /* Foundation.framework */,
				E1DB9D99173A0DFB003124F5 /* CoreGraphics.framework */,
			);
			name = Frameworks;
			sourceTree = "<group>";
		};
		E1DB9D9B173A0DFB003124F5 /* chaodao */ = {
			isa = PBXGroup;
			children = (
				E1ACA836173B8E5100A198C2 /* class */,
				E1DB9DA4173A0DFB003124F5 /* SLookAppDelegate.h */,
				E1DB9DA5173A0DFB003124F5 /* SLookAppDelegate.m */,
				E1DB9D9C173A0DFB003124F5 /* Supporting Files */,
			);
			path = chaodao;
			sourceTree = "<group>";
		};
		E1DB9D9C173A0DFB003124F5 /* Supporting Files */ = {
			isa = PBXGroup;
			children = (
				E1DB9DB7173A1087003124F5 /* 200771012168570.jpg */,
				E1DB9D9D173A0DFB003124F5 /* chaodao-Info.plist */,
				E1DB9D9E173A0DFB003124F5 /* InfoPlist.strings */,
				E1DB9DA1173A0DFB003124F5 /* main.m */,
				E1DB9DA3173A0DFB003124F5 /* chaodao-Prefix.pch */,
				E1DB9DA7173A0DFB003124F5 /* Default.png */,
				E1DB9DA9173A0DFB003124F5 /* Default@2x.png */,
				E1DB9DAB173A0DFB003124F5 /* Default-568h@2x.png */,
			);
			name = "Supporting Files";
			sourceTree = "<group>";
		};
		E1DB9DBE173A12EE003124F5 /* JSON */ = {
			isa = PBXGroup;
			children = (
				E1DB9DBF173A12EF003124F5 /* JSON.h */,
				E1DB9DC0173A12EF003124F5 /* NSObject+SBJSON.h */,
				E1DB9DC1173A12EF003124F5 /* NSObject+SBJSON.m */,
				E1DB9DC2173A12EF003124F5 /* NSString+SBJSON.h */,
				E1DB9DC3173A12EF003124F5 /* NSString+SBJSON.m */,
				E1DB9DC4173A12EF003124F5 /* SBJSON.h */,
				E1DB9DC5173A12EF003124F5 /* SBJSON.m */,
				E1DB9DC6173A12EF003124F5 /* SBJsonBase.h */,
				E1DB9DC7173A12EF003124F5 /* SBJsonBase.m */,
				E1DB9DC8173A12EF003124F5 /* SBJsonParser.h */,
				E1DB9DC9173A12EF003124F5 /* SBJsonParser.m */,
				E1DB9DCA173A12EF003124F5 /* SBJsonWriter.h */,
				E1DB9DCB173A12EF003124F5 /* SBJsonWriter.m */,
			);
			name = JSON;
			path = chaodao/JSON;
			sourceTree = "<group>";
		};
/* End PBXGroup section */

/* Begin PBXNativeTarget section */
		E1DB9D91173A0DFB003124F5 /* chaodao */ = {
			isa = PBXNativeTarget;
			buildConfigurationList = E1DB9DAF173A0DFB003124F5 /* Build configuration list for PBXNativeTarget "chaodao" */;
			buildPhases = (
				E1DB9D8E173A0DFB003124F5 /* Sources */,
				E1DB9D8F173A0DFB003124F5 /* Frameworks */,
				E1DB9D90173A0DFB003124F5 /* Resources */,
			);
			buildRules = (
			);
			dependencies = (
			);
			name = chaodao;
			productName = chaodao;
			productReference = E1DB9D92173A0DFB003124F5 /* chaodao.app */;
			productType = "com.apple.product-type.application";
		};
/* End PBXNativeTarget section */

/* Begin PBXProject section */
		E1DB9D8A173A0DFB003124F5 /* Project object */ = {
			isa = PBXProject;
			attributes = {
				CLASSPREFIX = SLook;
				LastUpgradeCheck = 0460;
				ORGANIZATIONNAME = wufuwei;
			};
			buildConfigurationList = E1DB9D8D173A0DFB003124F5 /* Build configuration list for PBXProject "chaodao" */;
			compatibilityVersion = "Xcode 3.2";
			developmentRegion = English;
			hasScannedForEncodings = 0;
			knownRegions = (
				en,
			);
			mainGroup = E1DB9D89173A0DFB003124F5;
			productRefGroup = E1DB9D93173A0DFB003124F5 /* Products */;
			projectDirPath = "";
			projectRoot = "";
			targets = (
				E1DB9D91173A0DFB003124F5 /* chaodao */,
			);
		};
/* End PBXProject section */

/* Begin PBXResourcesBuildPhase section */
		E1DB9D90173A0DFB003124F5 /* Resources */ = {
			isa = PBXResourcesBuildPhase;
			buildActionMask = 2147483647;
			files = (
				E1DB9DA0173A0DFB003124F5 /* InfoPlist.strings in Resources */,
				E1DB9DA8173A0DFB003124F5 /* Default.png in Resources */,
				E1DB9DAA173A0DFB003124F5 /* Default@2x.png in Resources */,
				E1DB9DAC173A0DFB003124F5 /* Default-568h@2x.png in Resources */,
				E1DB9DB6173A0E3A003124F5 /* loginVC.xib in Resources */,
				E1DB9DB8173A1087003124F5 /* 200771012168570.jpg in Resources */,
				E1DB9DD6173A1B5F003124F5 /* itemVcViewController.xib in Resources */,
				E1DB9DDB173A2FDE003124F5 /* addItemVC.xib in Resources */,
				E1ACA816173B2A0E00A198C2 /* selectbox_no_728.png in Resources */,
				E1ACA817173B2A0E00A198C2 /* selectbox_yea_728.png in Resources */,
				E1ACA820173B2D5100A198C2 /* blueArrow.png in Resources */,
				E1ACA821173B2D5100A198C2 /* blueArrow@2x.png in Resources */,
				E1ACA822173B2D5100A198C2 /* blueArrowDown.png in Resources */,
				E1ACA823173B2D5100A198C2 /* blueArrowDown@2x.png in Resources */,
				E1ACA831173B872B00A198C2 /* RootViewController.xib in Resources */,
			);
			runOnlyForDeploymentPostprocessing = 0;
		};
/* End PBXResourcesBuildPhase section */

/* Begin PBXSourcesBuildPhase section */
		E1DB9D8E173A0DFB003124F5 /* Sources */ = {
			isa = PBXSourcesBuildPhase;
			buildActionMask = 2147483647;
			files = (
				E1DB9DA2173A0DFB003124F5 /* main.m in Sources */,
				E1DB9DA6173A0DFB003124F5 /* SLookAppDelegate.m in Sources */,
				E1DB9DB5173A0E3A003124F5 /* loginVC.m in Sources */,
				E1DB9DBB173A1197003124F5 /* httpLinker.m in Sources */,
				E1DB9DCC173A12EF003124F5 /* NSObject+SBJSON.m in Sources */,
				E1DB9DCD173A12EF003124F5 /* NSString+SBJSON.m in Sources */,
				E1DB9DCE173A12EF003124F5 /* SBJSON.m in Sources */,
				E1DB9DCF173A12EF003124F5 /* SBJsonBase.m in Sources */,
				E1DB9DD0173A12EF003124F5 /* SBJsonParser.m in Sources */,
				E1DB9DD1173A12EF003124F5 /* SBJsonWriter.m in Sources */,
				E1DB9DD5173A1B5F003124F5 /* itemVcViewController.m in Sources */,
				E1DB9DDA173A2FDE003124F5 /* addItemVC.m in Sources */,
				E1ACA818173B2A0E00A198C2 /* SLCheckBox.m in Sources */,
				E1ACA824173B2D5100A198C2 /* PullingRefreshTableView.m in Sources */,
				E1ACA827173B2D9500A198C2 /* myScrollView.m in Sources */,
				E1ACA82C173B7EBD00A198C2 /* itemTableViewCell.m in Sources */,
				E1ACA830173B872B00A198C2 /* RootViewController.m in Sources */,
				E1ACA834173B8E2700A198C2 /* util.m in Sources */,
			);
			runOnlyForDeploymentPostprocessing = 0;
		};
/* End PBXSourcesBuildPhase section */

/* Begin PBXVariantGroup section */
		E1DB9D9E173A0DFB003124F5 /* InfoPlist.strings */ = {
			isa = PBXVariantGroup;
			children = (
				E1DB9D9F173A0DFB003124F5 /* en */,
			);
			name = InfoPlist.strings;
			sourceTree = "<group>";
		};
/* End PBXVariantGroup section */

/* Begin XCBuildConfiguration section */
		E1DB9DAD173A0DFB003124F5 /* Debug */ = {
			isa = XCBuildConfiguration;
			buildSettings = {
				ALWAYS_SEARCH_USER_PATHS = NO;
				CLANG_CXX_LANGUAGE_STANDARD = "gnu++0x";
				CLANG_CXX_LIBRARY = "libc++";
				CLANG_WARN_CONSTANT_CONVERSION = YES;
				CLANG_WARN_EMPTY_BODY = YES;
				CLANG_WARN_ENUM_CONVERSION = YES;
				CLANG_WARN_INT_CONVERSION = YES;
				CLANG_WARN__DUPLICATE_METHOD_MATCH = YES;
				CODE_SIGN_IDENTITY = "";
				"CODE_SIGN_IDENTITY[sdk=iphoneos*]" = "";
				COPY_PHASE_STRIP = NO;
				GCC_C_LANGUAGE_STANDARD = gnu99;
				GCC_DYNAMIC_NO_PIC = NO;
				GCC_OPTIMIZATION_LEVEL = 0;
				GCC_PREPROCESSOR_DEFINITIONS = (
					"DEBUG=1",
					"$(inherited)",
				);
				GCC_SYMBOLS_PRIVATE_EXTERN = NO;
				GCC_WARN_ABOUT_RETURN_TYPE = YES;
				GCC_WARN_UNINITIALIZED_AUTOS = YES;
				GCC_WARN_UNUSED_VARIABLE = YES;
				IPHONEOS_DEPLOYMENT_TARGET = 6.1;
				ONLY_ACTIVE_ARCH = YES;
				SDKROOT = iphoneos;
			};
			name = Debug;
		};
		E1DB9DAE173A0DFB003124F5 /* Release */ = {
			isa = XCBuildConfiguration;
			buildSettings = {
				ALWAYS_SEARCH_USER_PATHS = NO;
				CLANG_CXX_LANGUAGE_STANDARD = "gnu++0x";
				CLANG_CXX_LIBRARY = "libc++";
				CLANG_WARN_CONSTANT_CONVERSION = YES;
				CLANG_WARN_EMPTY_BODY = YES;
				CLANG_WARN_ENUM_CONVERSION = YES;
				CLANG_WARN_INT_CONVERSION = YES;
				CLANG_WARN__DUPLICATE_METHOD_MATCH = YES;
				CODE_SIGN_IDENTITY = "";
				"CODE_SIGN_IDENTITY[sdk=iphoneos*]" = "";
				COPY_PHASE_STRIP = YES;
				GCC_C_LANGUAGE_STANDARD = gnu99;
				GCC_WARN_ABOUT_RETURN_TYPE = YES;
				GCC_WARN_UNINITIALIZED_AUTOS = YES;
				GCC_WARN_UNUSED_VARIABLE = YES;
				IPHONEOS_DEPLOYMENT_TARGET = 6.1;
				OTHER_CFLAGS = "-DNS_BLOCK_ASSERTIONS=1";
				SDKROOT = iphoneos;
				VALIDATE_PRODUCT = YES;
			};
			name = Release;
		};
		E1DB9DB0173A0DFB003124F5 /* Debug */ = {
			isa = XCBuildConfiguration;
			buildSettings = {
				CODE_SIGN_IDENTITY = "";
				"CODE_SIGN_IDENTITY[sdk=iphoneos*]" = "";
				GCC_PRECOMPILE_PREFIX_HEADER = YES;
				GCC_PREFIX_HEADER = "chaodao/chaodao-Prefix.pch";
				INFOPLIST_FILE = "chaodao/chaodao-Info.plist";
				IPHONEOS_DEPLOYMENT_TARGET = 5.0;
				PRODUCT_NAME = "$(TARGET_NAME)";
				WRAPPER_EXTENSION = app;
			};
			name = Debug;
		};
		E1DB9DB1173A0DFB003124F5 /* Release */ = {
			isa = XCBuildConfiguration;
			buildSettings = {
				CODE_SIGN_IDENTITY = "";
				"CODE_SIGN_IDENTITY[sdk=iphoneos*]" = "";
				GCC_PRECOMPILE_PREFIX_HEADER = YES;
				GCC_PREFIX_HEADER = "chaodao/chaodao-Prefix.pch";
				INFOPLIST_FILE = "chaodao/chaodao-Info.plist";
				IPHONEOS_DEPLOYMENT_TARGET = 5.0;
				PRODUCT_NAME = "$(TARGET_NAME)";
				WRAPPER_EXTENSION = app;
			};
			name = Release;
		};
/* End XCBuildConfiguration section */

/* Begin XCConfigurationList section */
		E1DB9D8D173A0DFB003124F5 /* Build configuration list for PBXProject "chaodao" */ = {
			isa = XCConfigurationList;
			buildConfigurations = (
				E1DB9DAD173A0DFB003124F5 /* Debug */,
				E1DB9DAE173A0DFB003124F5 /* Release */,
			);
			defaultConfigurationIsVisible = 0;
			defaultConfigurationName = Release;
		};
		E1DB9DAF173A0DFB003124F5 /* Build configuration list for PBXNativeTarget "chaodao" */ = {
			isa = XCConfigurationList;
			buildConfigurations = (
				E1DB9DB0173A0DFB003124F5 /* Debug */,
				E1DB9DB1173A0DFB003124F5 /* Release */,
			);
			defaultConfigurationIsVisible = 0;
			defaultConfigurationName = Release;
		};
/* End XCConfigurationList section */
	};
	rootObject = E1DB9D8A173A0DFB003124F5 /* Project object */;
}
